// !$*UTF8*$!
{
	archiveVersion = 1;
	classes = {
	};
	objectVersion = 56;
	objects = {

/* Begin PBXBuildFile section */
		2C237F6C2B8377EC002F7417 /* APIManager.docc in Sources */ = {isa = PBXBuildFile; fileRef = 2C237F6B2B8377EC002F7417 /* APIManager.docc */; };
		2C237F722B8377EC002F7417 /* APIManager.framework in Frameworks */ = {isa = PBXBuildFile; fileRef = 2C237F672B8377EC002F7417 /* APIManager.framework */; };
		2C237F772B8377EC002F7417 /* APIManagerTests.swift in Sources */ = {isa = PBXBuildFile; fileRef = 2C237F762B8377EC002F7417 /* APIManagerTests.swift */; };
		2C237F782B8377EC002F7417 /* APIManager.h in Headers */ = {isa = PBXBuildFile; fileRef = 2C237F6A2B8377EC002F7417 /* APIManager.h */; settings = {ATTRIBUTES = (Public, ); }; };
		2CAE5A782B837B4800866E25 /* APIManager.swift in Sources */ = {isa = PBXBuildFile; fileRef = 2CAE5A642B83784400866E25 /* APIManager.swift */; };
		2CAE5A792B837B4800866E25 /* GitHubAPI.swift in Sources */ = {isa = PBXBuildFile; fileRef = 2CAE5A652B83784400866E25 /* GitHubAPI.swift */; };
		2CAE5A7C2B837B9400866E25 /* Data+Extension.swift in Sources */ = {isa = PBXBuildFile; fileRef = 2CAE5A7B2B837B9400866E25 /* Data+Extension.swift */; };
		2CAE5A812B837C4000866E25 /* GitHubSearchResponse.swift in Sources */ = {isa = PBXBuildFile; fileRef = 2CAE5A7D2B837BEB00866E25 /* GitHubSearchResponse.swift */; };
		2CAE5A822B837C4000866E25 /* GitHubDetailResponse.swift in Sources */ = {isa = PBXBuildFile; fileRef = 2CAE5A7E2B837BEB00866E25 /* GitHubDetailResponse.swift */; };
		2CAE5A832B837C4000866E25 /* GithubErrorResponse.swift in Sources */ = {isa = PBXBuildFile; fileRef = 2CAE5A7F2B837BEB00866E25 /* GithubErrorResponse.swift */; };
		2CAE5A862B837CE200866E25 /* URLRequest+Extension.swift in Sources */ = {isa = PBXBuildFile; fileRef = 2CAE5A852B837CE200866E25 /* URLRequest+Extension.swift */; };
/* End PBXBuildFile section */

/* Begin PBXContainerItemProxy section */
		2C237F732B8377EC002F7417 /* PBXContainerItemProxy */ = {
			isa = PBXContainerItemProxy;
			containerPortal = 2C237F5E2B8377EC002F7417 /* Project object */;
			proxyType = 1;
			remoteGlobalIDString = 2C237F662B8377EC002F7417;
			remoteInfo = APIManager;
		};
/* End PBXContainerItemProxy section */

/* Begin PBXFileReference section */
		2C237F672B8377EC002F7417 /* APIManager.framework */ = {isa = PBXFileReference; explicitFileType = wrapper.framework; includeInIndex = 0; path = APIManager.framework; sourceTree = BUILT_PRODUCTS_DIR; };
		2C237F6A2B8377EC002F7417 /* APIManager.h */ = {isa = PBXFileReference; lastKnownFileType = sourcecode.c.h; path = APIManager.h; sourceTree = "<group>"; };
		2C237F6B2B8377EC002F7417 /* APIManager.docc */ = {isa = PBXFileReference; lastKnownFileType = folder.documentationcatalog; path = APIManager.docc; sourceTree = "<group>"; };
		2C237F712B8377EC002F7417 /* APIManagerTests.xctest */ = {isa = PBXFileReference; explicitFileType = wrapper.cfbundle; includeInIndex = 0; path = APIManagerTests.xctest; sourceTree = BUILT_PRODUCTS_DIR; };
		2C237F762B8377EC002F7417 /* APIManagerTests.swift */ = {isa = PBXFileReference; lastKnownFileType = sourcecode.swift; path = APIManagerTests.swift; sourceTree = "<group>"; };
		2CAE5A642B83784400866E25 /* APIManager.swift */ = {isa = PBXFileReference; lastKnownFileType = sourcecode.swift; path = APIManager.swift; sourceTree = "<group>"; };
		2CAE5A652B83784400866E25 /* GitHubAPI.swift */ = {isa = PBXFileReference; lastKnownFileType = sourcecode.swift; path = GitHubAPI.swift; sourceTree = "<group>"; };
		2CAE5A7B2B837B9400866E25 /* Data+Extension.swift */ = {isa = PBXFileReference; lastKnownFileType = sourcecode.swift; path = "Data+Extension.swift"; sourceTree = "<group>"; };
		2CAE5A7D2B837BEB00866E25 /* GitHubSearchResponse.swift */ = {isa = PBXFileReference; lastKnownFileType = sourcecode.swift; path = GitHubSearchResponse.swift; sourceTree = "<group>"; };
		2CAE5A7E2B837BEB00866E25 /* GitHubDetailResponse.swift */ = {isa = PBXFileReference; lastKnownFileType = sourcecode.swift; path = GitHubDetailResponse.swift; sourceTree = "<group>"; };
		2CAE5A7F2B837BEB00866E25 /* GithubErrorResponse.swift */ = {isa = PBXFileReference; lastKnownFileType = sourcecode.swift; path = GithubErrorResponse.swift; sourceTree = "<group>"; };
		2CAE5A852B837CE200866E25 /* URLRequest+Extension.swift */ = {isa = PBXFileReference; lastKnownFileType = sourcecode.swift; path = "URLRequest+Extension.swift"; sourceTree = "<group>"; };
/* End PBXFileReference section */

/* Begin PBXFrameworksBuildPhase section */
		2C237F642B8377EC002F7417 /* Frameworks */ = {
			isa = PBXFrameworksBuildPhase;
			buildActionMask = 2147483647;
			files = (
			);
			runOnlyForDeploymentPostprocessing = 0;
		};
		2C237F6E2B8377EC002F7417 /* Frameworks */ = {
			isa = PBXFrameworksBuildPhase;
			buildActionMask = 2147483647;
			files = (
				2C237F722B8377EC002F7417 /* APIManager.framework in Frameworks */,
			);
			runOnlyForDeploymentPostprocessing = 0;
		};
/* End PBXFrameworksBuildPhase section */

/* Begin PBXGroup section */
		2C237F5D2B8377EC002F7417 = {
			isa = PBXGroup;
			children = (
				2C237F692B8377EC002F7417 /* APIManager */,
				2C237F752B8377EC002F7417 /* APIManagerTests */,
				2C237F682B8377EC002F7417 /* Products */,
			);
			sourceTree = "<group>";
		};
		2C237F682B8377EC002F7417 /* Products */ = {
			isa = PBXGroup;
			children = (
				2C237F672B8377EC002F7417 /* APIManager.framework */,
				2C237F712B8377EC002F7417 /* APIManagerTests.xctest */,
			);
			name = Products;
			sourceTree = "<group>";
		};
		2C237F692B8377EC002F7417 /* APIManager */ = {
			isa = PBXGroup;
			children = (
				2CAE5A842B837CDA00866E25 /* Extension */,
				2CAE5A802B837BEB00866E25 /* Model */,
				2CAE5A662B83784400866E25 /* Network */,
				2C237F6A2B8377EC002F7417 /* APIManager.h */,
				2C237F6B2B8377EC002F7417 /* APIManager.docc */,
			);
			path = APIManager;
			sourceTree = "<group>";
		};
		2C237F752B8377EC002F7417 /* APIManagerTests */ = {
			isa = PBXGroup;
			children = (
				2C237F762B8377EC002F7417 /* APIManagerTests.swift */,
			);
			path = APIManagerTests;
			sourceTree = "<group>";
		};
		2CAE5A662B83784400866E25 /* Network */ = {
			isa = PBXGroup;
			children = (
				2CAE5A642B83784400866E25 /* APIManager.swift */,
				2CAE5A652B83784400866E25 /* GitHubAPI.swift */,
			);
			path = Network;
			sourceTree = "<group>";
		};
		2CAE5A802B837BEB00866E25 /* Model */ = {
			isa = PBXGroup;
			children = (
				2CAE5A7D2B837BEB00866E25 /* GitHubSearchResponse.swift */,
				2CAE5A7E2B837BEB00866E25 /* GitHubDetailResponse.swift */,
				2CAE5A7F2B837BEB00866E25 /* GithubErrorResponse.swift */,
			);
			path = Model;
			sourceTree = "<group>";
		};
		2CAE5A842B837CDA00866E25 /* Extension */ = {
			isa = PBXGroup;
			children = (
				2CAE5A852B837CE200866E25 /* URLRequest+Extension.swift */,
				2CAE5A7B2B837B9400866E25 /* Data+Extension.swift */,
			);
			path = Extension;
			sourceTree = "<group>";
		};
/* End PBXGroup section */

/* Begin PBXHeadersBuildPhase section */
		2C237F622B8377EC002F7417 /* Headers */ = {
			isa = PBXHeadersBuildPhase;
			buildActionMask = 2147483647;
			files = (
				2C237F782B8377EC002F7417 /* APIManager.h in Headers */,
			);
			runOnlyForDeploymentPostprocessing = 0;
		};
/* End PBXHeadersBuildPhase section */

/* Begin PBXNativeTarget section */
		2C237F662B8377EC002F7417 /* APIManager */ = {
			isa = PBXNativeTarget;
			buildConfigurationList = 2C237F7B2B8377EC002F7417 /* Build configuration list for PBXNativeTarget "APIManager" */;
			buildPhases = (
				2C237F622B8377EC002F7417 /* Headers */,
				2C237F632B8377EC002F7417 /* Sources */,
				2C237F642B8377EC002F7417 /* Frameworks */,
				2C237F652B8377EC002F7417 /* Resources */,
			);
			buildRules = (
			);
			dependencies = (
			);
			name = APIManager;
			productName = APIManager;
			productReference = 2C237F672B8377EC002F7417 /* APIManager.framework */;
			productType = "com.apple.product-type.framework";
		};
		2C237F702B8377EC002F7417 /* APIManagerTests */ = {
			isa = PBXNativeTarget;
			buildConfigurationList = 2C237F7E2B8377EC002F7417 /* Build configuration list for PBXNativeTarget "APIManagerTests" */;
			buildPhases = (
				2C237F6D2B8377EC002F7417 /* Sources */,
				2C237F6E2B8377EC002F7417 /* Frameworks */,
				2C237F6F2B8377EC002F7417 /* Resources */,
			);
			buildRules = (
			);
			dependencies = (
				2C237F742B8377EC002F7417 /* PBXTargetDependency */,
			);
			name = APIManagerTests;
			productName = APIManagerTests;
			productReference = 2C237F712B8377EC002F7417 /* APIManagerTests.xctest */;
			productType = "com.apple.product-type.bundle.unit-test";
		};
/* End PBXNativeTarget section */

/* Begin PBXProject section */
		2C237F5E2B8377EC002F7417 /* Project object */ = {
			isa = PBXProject;
			attributes = {
				BuildIndependentTargetsInParallel = 1;
				LastSwiftUpdateCheck = 1510;
				LastUpgradeCheck = 1510;
				TargetAttributes = {
					2C237F662B8377EC002F7417 = {
						CreatedOnToolsVersion = 15.1;
					};
					2C237F702B8377EC002F7417 = {
						CreatedOnToolsVersion = 15.1;
					};
				};
			};
			buildConfigurationList = 2C237F612B8377EC002F7417 /* Build configuration list for PBXProject "APIManager" */;
			compatibilityVersion = "Xcode 14.0";
			developmentRegion = en;
			hasScannedForEncodings = 0;
			knownRegions = (
				en,
				Base,
			);
			mainGroup = 2C237F5D2B8377EC002F7417;
			productRefGroup = 2C237F682B8377EC002F7417 /* Products */;
			projectDirPath = "";
			projectRoot = "";
			targets = (
				2C237F662B8377EC002F7417 /* APIManager */,
				2C237F702B8377EC002F7417 /* APIManagerTests */,
			);
		};
/* End PBXProject section */

/* Begin PBXResourcesBuildPhase section */
		2C237F652B8377EC002F7417 /* Resources */ = {
			isa = PBXResourcesBuildPhase;
			buildActionMask = 2147483647;
			files = (
			);
			runOnlyForDeploymentPostprocessing = 0;
		};
		2C237F6F2B8377EC002F7417 /* Resources */ = {
			isa = PBXResourcesBuildPhase;
			buildActionMask = 2147483647;
			files = (
			);
			runOnlyForDeploymentPostprocessing = 0;
		};
/* End PBXResourcesBuildPhase section */

/* Begin PBXSourcesBuildPhase section */
		2C237F632B8377EC002F7417 /* Sources */ = {
			isa = PBXSourcesBuildPhase;
			buildActionMask = 2147483647;
			files = (
				2CAE5A812B837C4000866E25 /* GitHubSearchResponse.swift in Sources */,
				2CAE5A862B837CE200866E25 /* URLRequest+Extension.swift in Sources */,
				2CAE5A822B837C4000866E25 /* GitHubDetailResponse.swift in Sources */,
				2CAE5A832B837C4000866E25 /* GithubErrorResponse.swift in Sources */,
				2CAE5A782B837B4800866E25 /* APIManager.swift in Sources */,
				2CAE5A7C2B837B9400866E25 /* Data+Extension.swift in Sources */,
				2CAE5A792B837B4800866E25 /* GitHubAPI.swift in Sources */,
				2C237F6C2B8377EC002F7417 /* APIManager.docc in Sources */,
			);
			runOnlyForDeploymentPostprocessing = 0;
		};
		2C237F6D2B8377EC002F7417 /* Sources */ = {
			isa = PBXSourcesBuildPhase;
			buildActionMask = 2147483647;
			files = (
				2C237F772B8377EC002F7417 /* APIManagerTests.swift in Sources */,
			);
			runOnlyForDeploymentPostprocessing = 0;
		};
/* End PBXSourcesBuildPhase section */

/* Begin PBXTargetDependency section */
		2C237F742B8377EC002F7417 /* PBXTargetDependency */ = {
			isa = PBXTargetDependency;
			target = 2C237F662B8377EC002F7417 /* APIManager */;
			targetProxy = 2C237F732B8377EC002F7417 /* PBXContainerItemProxy */;
		};
/* End PBXTargetDependency section */

/* Begin XCBuildConfiguration section */
		2C237F792B8377EC002F7417 /* Debug */ = {
			isa = XCBuildConfiguration;
			buildSettings = {
				ALWAYS_SEARCH_USER_PATHS = NO;
				ASSETCATALOG_COMPILER_GENERATE_SWIFT_ASSET_SYMBOL_EXTENSIONS = YES;
				CLANG_ANALYZER_NONNULL = YES;
				CLANG_ANALYZER_NUMBER_OBJECT_CONVERSION = YES_AGGRESSIVE;
				CLANG_CXX_LANGUAGE_STANDARD = "gnu++20";
				CLANG_ENABLE_MODULES = YES;
				CLANG_ENABLE_OBJC_ARC = YES;
				CLANG_ENABLE_OBJC_WEAK = YES;
				CLANG_WARN_BLOCK_CAPTURE_AUTORELEASING = YES;
				CLANG_WARN_BOOL_CONVERSION = YES;
				CLANG_WARN_COMMA = YES;
				CLANG_WARN_CONSTANT_CONVERSION = YES;
				CLANG_WARN_DEPRECATED_OBJC_IMPLEMENTATIONS = YES;
				CLANG_WARN_DIRECT_OBJC_ISA_USAGE = YES_ERROR;
				CLANG_WARN_DOCUMENTATION_COMMENTS = YES;
				CLANG_WARN_EMPTY_BODY = YES;
				CLANG_WARN_ENUM_CONVERSION = YES;
				CLANG_WARN_INFINITE_RECURSION = YES;
				CLANG_WARN_INT_CONVERSION = YES;
				CLANG_WARN_NON_LITERAL_NULL_CONVERSION = YES;
				CLANG_WARN_OBJC_IMPLICIT_RETAIN_SELF = YES;
				CLANG_WARN_OBJC_LITERAL_CONVERSION = YES;
				CLANG_WARN_OBJC_ROOT_CLASS = YES_ERROR;
				CLANG_WARN_QUOTED_INCLUDE_IN_FRAMEWORK_HEADER = YES;
				CLANG_WARN_RANGE_LOOP_ANALYSIS = YES;
				CLANG_WARN_STRICT_PROTOTYPES = YES;
				CLANG_WARN_SUSPICIOUS_MOVE = YES;
				CLANG_WARN_UNGUARDED_AVAILABILITY = YES_AGGRESSIVE;
				CLANG_WARN_UNREACHABLE_CODE = YES;
				CLANG_WARN__DUPLICATE_METHOD_MATCH = YES;
				COPY_PHASE_STRIP = NO;
				CURRENT_PROJECT_VERSION = 1;
				DEBUG_INFORMATION_FORMAT = dwarf;
				ENABLE_STRICT_OBJC_MSGSEND = YES;
				ENABLE_TESTABILITY = YES;
				ENABLE_USER_SCRIPT_SANDBOXING = YES;
				GCC_C_LANGUAGE_STANDARD = gnu17;
				GCC_DYNAMIC_NO_PIC = NO;
				GCC_NO_COMMON_BLOCKS = YES;
				GCC_OPTIMIZATION_LEVEL = 0;
				GCC_PREPROCESSOR_DEFINITIONS = (
					"DEBUG=1",
					"$(inherited)",
				);
				GCC_WARN_64_TO_32_BIT_CONVERSION = YES;
				GCC_WARN_ABOUT_RETURN_TYPE = YES_ERROR;
				GCC_WARN_UNDECLARED_SELECTOR = YES;
				GCC_WARN_UNINITIALIZED_AUTOS = YES_AGGRESSIVE;
				GCC_WARN_UNUSED_FUNCTION = YES;
				GCC_WARN_UNUSED_VARIABLE = YES;
				IPHONEOS_DEPLOYMENT_TARGET = 16.4;
				LOCALIZATION_PREFERS_STRING_CATALOGS = YES;
				MTL_ENABLE_DEBUG_INFO = INCLUDE_SOURCE;
				MTL_FAST_MATH = YES;
				ONLY_ACTIVE_ARCH = YES;
				SDKROOT = iphoneos;
				SWIFT_ACTIVE_COMPILATION_CONDITIONS = "DEBUG $(inherited)";
				SWIFT_OPTIMIZATION_LEVEL = "-Onone";
				VERSIONING_SYSTEM = "apple-generic";
				VERSION_INFO_PREFIX = "";
			};
			name = Debug;
		};
		2C237F7A2B8377EC002F7417 /* Release */ = {
			isa = XCBuildConfiguration;
			buildSettings = {
				ALWAYS_SEARCH_USER_PATHS = NO;
				ASSETCATALOG_COMPILER_GENERATE_SWIFT_ASSET_SYMBOL_EXTENSIONS = YES;
				CLANG_ANALYZER_NONNULL = YES;
				CLANG_ANALYZER_NUMBER_OBJECT_CONVERSION = YES_AGGRESSIVE;
				CLANG_CXX_LANGUAGE_STANDARD = "gnu++20";
				CLANG_ENABLE_MODULES = YES;
				CLANG_ENABLE_OBJC_ARC = YES;
				CLANG_ENABLE_OBJC_WEAK = YES;
				CLANG_WARN_BLOCK_CAPTURE_AUTORELEASING = YES;
				CLANG_WARN_BOOL_CONVERSION = YES;
				CLANG_WARN_COMMA = YES;
				CLANG_WARN_CONSTANT_CONVERSION = YES;
				CLANG_WARN_DEPRECATED_OBJC_IMPLEMENTATIONS = YES;
				CLANG_WARN_DIRECT_OBJC_ISA_USAGE = YES_ERROR;
				CLANG_WARN_DOCUMENTATION_COMMENTS = YES;
				CLANG_WARN_EMPTY_BODY = YES;
				CLANG_WARN_ENUM_CONVERSION = YES;
				CLANG_WARN_INFINITE_RECURSION = YES;
				CLANG_WARN_INT_CONVERSION = YES;
				CLANG_WARN_NON_LITERAL_NULL_CONVERSION = YES;
				CLANG_WARN_OBJC_IMPLICIT_RETAIN_SELF = YES;
				CLANG_WARN_OBJC_LITERAL_CONVERSION = YES;
				CLANG_WARN_OBJC_ROOT_CLASS = YES_ERROR;
				CLANG_WARN_QUOTED_INCLUDE_IN_FRAMEWORK_HEADER = YES;
				CLANG_WARN_RANGE_LOOP_ANALYSIS = YES;
				CLANG_WARN_STRICT_PROTOTYPES = YES;
				CLANG_WARN_SUSPICIOUS_MOVE = YES;
				CLANG_WARN_UNGUARDED_AVAILABILITY = YES_AGGRESSIVE;
				CLANG_WARN_UNREACHABLE_CODE = YES;
				CLANG_WARN__DUPLICATE_METHOD_MATCH = YES;
				COPY_PHASE_STRIP = NO;
				CURRENT_PROJECT_VERSION = 1;
				DEBUG_INFORMATION_FORMAT = "dwarf-with-dsym";
				ENABLE_NS_ASSERTIONS = NO;
				ENABLE_STRICT_OBJC_MSGSEND = YES;
				ENABLE_USER_SCRIPT_SANDBOXING = YES;
				GCC_C_LANGUAGE_STANDARD = gnu17;
				GCC_NO_COMMON_BLOCKS = YES;
				GCC_WARN_64_TO_32_BIT_CONVERSION = YES;
				GCC_WARN_ABOUT_RETURN_TYPE = YES_ERROR;
				GCC_WARN_UNDECLARED_SELECTOR = YES;
				GCC_WARN_UNINITIALIZED_AUTOS = YES_AGGRESSIVE;
				GCC_WARN_UNUSED_FUNCTION = YES;
				GCC_WARN_UNUSED_VARIABLE = YES;
				IPHONEOS_DEPLOYMENT_TARGET = 16.4;
				LOCALIZATION_PREFERS_STRING_CATALOGS = YES;
				MTL_ENABLE_DEBUG_INFO = NO;
				MTL_FAST_MATH = YES;
				SDKROOT = iphoneos;
				SWIFT_COMPILATION_MODE = wholemodule;
				VALIDATE_PRODUCT = YES;
				VERSIONING_SYSTEM = "apple-generic";
				VERSION_INFO_PREFIX = "";
			};
			name = Release;
		};
		2C237F7C2B8377EC002F7417 /* Debug */ = {
			isa = XCBuildConfiguration;
			buildSettings = {
				CODE_SIGN_STYLE = Automatic;
				CURRENT_PROJECT_VERSION = 1;
				DEFINES_MODULE = YES;
				DYLIB_COMPATIBILITY_VERSION = 1;
				DYLIB_CURRENT_VERSION = 1;
				DYLIB_INSTALL_NAME_BASE = "@rpath";
				ENABLE_MODULE_VERIFIER = YES;
				GENERATE_INFOPLIST_FILE = YES;
				INFOPLIST_KEY_NSHumanReadableCopyright = "";
				INSTALL_PATH = "$(LOCAL_LIBRARY_DIR)/Frameworks";
				IPHONEOS_DEPLOYMENT_TARGET = 16.4;
				LD_RUNPATH_SEARCH_PATHS = (
					"$(inherited)",
					"@executable_path/Frameworks",
					"@loader_path/Frameworks",
				);
				MARKETING_VERSION = 1.0;
				MODULE_VERIFIER_SUPPORTED_LANGUAGES = "objective-c objective-c++";
				MODULE_VERIFIER_SUPPORTED_LANGUAGE_STANDARDS = "gnu17 gnu++20";
				PRODUCT_BUNDLE_IDENTIFIER = com.krindale.overdare.APIManager;
				PRODUCT_NAME = "$(TARGET_NAME:c99extidentifier)";
				SKIP_INSTALL = YES;
				SWIFT_EMIT_LOC_STRINGS = YES;
				SWIFT_VERSION = 5.0;
				TARGETED_DEVICE_FAMILY = "1,2";
			};
			name = Debug;
		};
		2C237F7D2B8377EC002F7417 /* Release */ = {
			isa = XCBuildConfiguration;
			buildSettings = {
				CODE_SIGN_STYLE = Automatic;
				CURRENT_PROJECT_VERSION = 1;
				DEFINES_MODULE = YES;
				DYLIB_COMPATIBILITY_VERSION = 1;
				DYLIB_CURRENT_VERSION = 1;
				DYLIB_INSTALL_NAME_BASE = "@rpath";
				ENABLE_MODULE_VERIFIER = YES;
				GENERATE_INFOPLIST_FILE = YES;
				INFOPLIST_KEY_NSHumanReadableCopyright = "";
				INSTALL_PATH = "$(LOCAL_LIBRARY_DIR)/Frameworks";
				IPHONEOS_DEPLOYMENT_TARGET = 16.4;
				LD_RUNPATH_SEARCH_PATHS = (
					"$(inherited)",
					"@executable_path/Frameworks",
					"@loader_path/Frameworks",
				);
				MARKETING_VERSION = 1.0;
				MODULE_VERIFIER_SUPPORTED_LANGUAGES = "objective-c objective-c++";
				MODULE_VERIFIER_SUPPORTED_LANGUAGE_STANDARDS = "gnu17 gnu++20";
				PRODUCT_BUNDLE_IDENTIFIER = com.krindale.overdare.APIManager;
				PRODUCT_NAME = "$(TARGET_NAME:c99extidentifier)";
				SKIP_INSTALL = YES;
				SWIFT_EMIT_LOC_STRINGS = YES;
				SWIFT_VERSION = 5.0;
				TARGETED_DEVICE_FAMILY = "1,2";
			};
			name = Release;
		};
		2C237F7F2B8377EC002F7417 /* Debug */ = {
			isa = XCBuildConfiguration;
			buildSettings = {
				ALWAYS_EMBED_SWIFT_STANDARD_LIBRARIES = YES;
				CODE_SIGN_STYLE = Automatic;
				CURRENT_PROJECT_VERSION = 1;
				GENERATE_INFOPLIST_FILE = YES;
				MARKETING_VERSION = 1.0;
				PRODUCT_BUNDLE_IDENTIFIER = com.krindale.overdare.APIManagerTests;
				PRODUCT_NAME = "$(TARGET_NAME)";
				SWIFT_EMIT_LOC_STRINGS = NO;
				SWIFT_VERSION = 5.0;
				TARGETED_DEVICE_FAMILY = "1,2";
			};
			name = Debug;
		};
		2C237F802B8377EC002F7417 /* Release */ = {
			isa = XCBuildConfiguration;
			buildSettings = {
				ALWAYS_EMBED_SWIFT_STANDARD_LIBRARIES = YES;
				CODE_SIGN_STYLE = Automatic;
				CURRENT_PROJECT_VERSION = 1;
				GENERATE_INFOPLIST_FILE = YES;
				MARKETING_VERSION = 1.0;
				PRODUCT_BUNDLE_IDENTIFIER = com.krindale.overdare.APIManagerTests;
				PRODUCT_NAME = "$(TARGET_NAME)";
				SWIFT_EMIT_LOC_STRINGS = NO;
				SWIFT_VERSION = 5.0;
				TARGETED_DEVICE_FAMILY = "1,2";
			};
			name = Release;
		};
/* End XCBuildConfiguration section */

/* Begin XCConfigurationList section */
		2C237F612B8377EC002F7417 /* Build configuration list for PBXProject "APIManager" */ = {
			isa = XCConfigurationList;
			buildConfigurations = (
				2C237F792B8377EC002F7417 /* Debug */,
				2C237F7A2B8377EC002F7417 /* Release */,
			);
			defaultConfigurationIsVisible = 0;
			defaultConfigurationName = Release;
		};
		2C237F7B2B8377EC002F7417 /* Build configuration list for PBXNativeTarget "APIManager" */ = {
			isa = XCConfigurationList;
			buildConfigurations = (
				2C237F7C2B8377EC002F7417 /* Debug */,
				2C237F7D2B8377EC002F7417 /* Release */,
			);
			defaultConfigurationIsVisible = 0;
			defaultConfigurationName = Release;
		};
		2C237F7E2B8377EC002F7417 /* Build configuration list for PBXNativeTarget "APIManagerTests" */ = {
			isa = XCConfigurationList;
			buildConfigurations = (
				2C237F7F2B8377EC002F7417 /* Debug */,
				2C237F802B8377EC002F7417 /* Release */,
			);
			defaultConfigurationIsVisible = 0;
			defaultConfigurationName = Release;
		};
/* End XCConfigurationList section */
	};
	rootObject = 2C237F5E2B8377EC002F7417 /* Project object */;
}
