// !$*UTF8*$!
{
	archiveVersion = 1;
	classes = {
	};
	objectVersion = 56;
	objects = {

/* Begin PBXBuildFile section */
		2C237F122B8357AE002F7417 /* FetchDataManager.swift in Sources */ = {isa = PBXBuildFile; fileRef = 2C237F112B8357AE002F7417 /* FetchDataManager.swift */; };
		2C961D8C2B82808E00961920 /* SearchRepositoryView.swift in Sources */ = {isa = PBXBuildFile; fileRef = 2C961D8B2B82808E00961920 /* SearchRepositoryView.swift */; };
		2C961D8F2B8280AF00961920 /* SearchRepositoryViewModel.swift in Sources */ = {isa = PBXBuildFile; fileRef = 2C961D8E2B8280AF00961920 /* SearchRepositoryViewModel.swift */; };
		2C961D972B828D0800961920 /* RepositoryDetailView.swift in Sources */ = {isa = PBXBuildFile; fileRef = 2C961D962B828D0800961920 /* RepositoryDetailView.swift */; };
		2C961D992B828D1C00961920 /* RepotisoryDetailViewModel.swift in Sources */ = {isa = PBXBuildFile; fileRef = 2C961D982B828D1C00961920 /* RepotisoryDetailViewModel.swift */; };
		2C9822332B825FAC00AA2A14 /* overdareApp.swift in Sources */ = {isa = PBXBuildFile; fileRef = 2C9822322B825FAC00AA2A14 /* overdareApp.swift */; };
		2C9822372B825FAD00AA2A14 /* Assets.xcassets in Resources */ = {isa = PBXBuildFile; fileRef = 2C9822362B825FAD00AA2A14 /* Assets.xcassets */; };
		2C98223A2B825FAD00AA2A14 /* Preview Assets.xcassets in Resources */ = {isa = PBXBuildFile; fileRef = 2C9822392B825FAD00AA2A14 /* Preview Assets.xcassets */; };
		2C9822442B825FAD00AA2A14 /* overdareTests.swift in Sources */ = {isa = PBXBuildFile; fileRef = 2C9822432B825FAD00AA2A14 /* overdareTests.swift */; };
		2CAE5A722B837ADF00866E25 /* APIManager.framework in Frameworks */ = {isa = PBXBuildFile; fileRef = 2CAE5A712B837ADF00866E25 /* APIManager.framework */; };
		2CAE5A732B837ADF00866E25 /* APIManager.framework in Embed Frameworks */ = {isa = PBXBuildFile; fileRef = 2CAE5A712B837ADF00866E25 /* APIManager.framework */; settings = {ATTRIBUTES = (CodeSignOnCopy, RemoveHeadersOnCopy, ); }; };
		2CAE5A762B837AE300866E25 /* CacheManager.framework in Frameworks */ = {isa = PBXBuildFile; fileRef = 2CAE5A752B837AE300866E25 /* CacheManager.framework */; };
		2CAE5A772B837AE300866E25 /* CacheManager.framework in Embed Frameworks */ = {isa = PBXBuildFile; fileRef = 2CAE5A752B837AE300866E25 /* CacheManager.framework */; settings = {ATTRIBUTES = (CodeSignOnCopy, RemoveHeadersOnCopy, ); }; };
		2CAE5AB22B837EA500866E25 /* UIComponent.framework in Frameworks */ = {isa = PBXBuildFile; fileRef = 2CAE5AB12B837EA500866E25 /* UIComponent.framework */; };
		2CAE5AB32B837EA500866E25 /* UIComponent.framework in Embed Frameworks */ = {isa = PBXBuildFile; fileRef = 2CAE5AB12B837EA500866E25 /* UIComponent.framework */; settings = {ATTRIBUTES = (CodeSignOnCopy, RemoveHeadersOnCopy, ); }; };
/* End PBXBuildFile section */

/* Begin PBXContainerItemProxy section */
		2C9822402B825FAD00AA2A14 /* PBXContainerItemProxy */ = {
			isa = PBXContainerItemProxy;
			containerPortal = 2C9822272B825FAC00AA2A14 /* Project object */;
			proxyType = 1;
			remoteGlobalIDString = 2C98222E2B825FAC00AA2A14;
			remoteInfo = overdare;
		};
/* End PBXContainerItemProxy section */

/* Begin PBXCopyFilesBuildPhase section */
		2CAE5A742B837ADF00866E25 /* Embed Frameworks */ = {
			isa = PBXCopyFilesBuildPhase;
			buildActionMask = 2147483647;
			dstPath = "";
			dstSubfolderSpec = 10;
			files = (
				2CAE5A732B837ADF00866E25 /* APIManager.framework in Embed Frameworks */,
				2CAE5AB32B837EA500866E25 /* UIComponent.framework in Embed Frameworks */,
				2CAE5A772B837AE300866E25 /* CacheManager.framework in Embed Frameworks */,
			);
			name = "Embed Frameworks";
			runOnlyForDeploymentPostprocessing = 0;
		};
/* End PBXCopyFilesBuildPhase section */

/* Begin PBXFileReference section */
		2C237F112B8357AE002F7417 /* FetchDataManager.swift */ = {isa = PBXFileReference; lastKnownFileType = sourcecode.swift; path = FetchDataManager.swift; sourceTree = "<group>"; };
		2C961D8B2B82808E00961920 /* SearchRepositoryView.swift */ = {isa = PBXFileReference; lastKnownFileType = sourcecode.swift; path = SearchRepositoryView.swift; sourceTree = "<group>"; };
		2C961D8E2B8280AF00961920 /* SearchRepositoryViewModel.swift */ = {isa = PBXFileReference; lastKnownFileType = sourcecode.swift; path = SearchRepositoryViewModel.swift; sourceTree = "<group>"; };
		2C961D962B828D0800961920 /* RepositoryDetailView.swift */ = {isa = PBXFileReference; lastKnownFileType = sourcecode.swift; path = RepositoryDetailView.swift; sourceTree = "<group>"; };
		2C961D982B828D1C00961920 /* RepotisoryDetailViewModel.swift */ = {isa = PBXFileReference; lastKnownFileType = sourcecode.swift; path = RepotisoryDetailViewModel.swift; sourceTree = "<group>"; };
		2C98222F2B825FAC00AA2A14 /* overdare.app */ = {isa = PBXFileReference; explicitFileType = wrapper.application; includeInIndex = 0; path = overdare.app; sourceTree = BUILT_PRODUCTS_DIR; };
		2C9822322B825FAC00AA2A14 /* overdareApp.swift */ = {isa = PBXFileReference; lastKnownFileType = sourcecode.swift; path = overdareApp.swift; sourceTree = "<group>"; };
		2C9822362B825FAD00AA2A14 /* Assets.xcassets */ = {isa = PBXFileReference; lastKnownFileType = folder.assetcatalog; path = Assets.xcassets; sourceTree = "<group>"; };
		2C9822392B825FAD00AA2A14 /* Preview Assets.xcassets */ = {isa = PBXFileReference; lastKnownFileType = folder.assetcatalog; path = "Preview Assets.xcassets"; sourceTree = "<group>"; };
		2C98223F2B825FAD00AA2A14 /* overdareTests.xctest */ = {isa = PBXFileReference; explicitFileType = wrapper.cfbundle; includeInIndex = 0; path = overdareTests.xctest; sourceTree = BUILT_PRODUCTS_DIR; };
		2C9822432B825FAD00AA2A14 /* overdareTests.swift */ = {isa = PBXFileReference; lastKnownFileType = sourcecode.swift; path = overdareTests.swift; sourceTree = "<group>"; };
		2CAE5A6A2B83785B00866E25 /* APIManager.framework */ = {isa = PBXFileReference; explicitFileType = wrapper.framework; path = APIManager.framework; sourceTree = BUILT_PRODUCTS_DIR; };
		2CAE5A6E2B83785F00866E25 /* CacheManager.framework */ = {isa = PBXFileReference; explicitFileType = wrapper.framework; path = CacheManager.framework; sourceTree = BUILT_PRODUCTS_DIR; };
		2CAE5A712B837ADF00866E25 /* APIManager.framework */ = {isa = PBXFileReference; explicitFileType = wrapper.framework; path = APIManager.framework; sourceTree = BUILT_PRODUCTS_DIR; };
		2CAE5A752B837AE300866E25 /* CacheManager.framework */ = {isa = PBXFileReference; explicitFileType = wrapper.framework; path = CacheManager.framework; sourceTree = BUILT_PRODUCTS_DIR; };
		2CAE5AB12B837EA500866E25 /* UIComponent.framework */ = {isa = PBXFileReference; explicitFileType = wrapper.framework; path = UIComponent.framework; sourceTree = BUILT_PRODUCTS_DIR; };
/* End PBXFileReference section */

/* Begin PBXFrameworksBuildPhase section */
		2C98222C2B825FAC00AA2A14 /* Frameworks */ = {
			isa = PBXFrameworksBuildPhase;
			buildActionMask = 2147483647;
			files = (
				2CAE5A722B837ADF00866E25 /* APIManager.framework in Frameworks */,
				2CAE5AB22B837EA500866E25 /* UIComponent.framework in Frameworks */,
				2CAE5A762B837AE300866E25 /* CacheManager.framework in Frameworks */,
			);
			runOnlyForDeploymentPostprocessing = 0;
		};
		2C98223C2B825FAD00AA2A14 /* Frameworks */ = {
			isa = PBXFrameworksBuildPhase;
			buildActionMask = 2147483647;
			files = (
			);
			runOnlyForDeploymentPostprocessing = 0;
		};
/* End PBXFrameworksBuildPhase section */

/* Begin PBXGroup section */
		2C237F102B83578A002F7417 /* FetchDataManager */ = {
			isa = PBXGroup;
			children = (
				2C237F112B8357AE002F7417 /* FetchDataManager.swift */,
			);
			path = FetchDataManager;
			sourceTree = "<group>";
		};
		2C961D872B82804C00961920 /* Scene */ = {
			isa = PBXGroup;
			children = (
				2C961D952B828CDC00961920 /* RepositoryDetail */,
				2C961D882B82806200961920 /* SearchRepository */,
			);
			path = Scene;
			sourceTree = "<group>";
		};
		2C961D882B82806200961920 /* SearchRepository */ = {
			isa = PBXGroup;
			children = (
				2C961D8B2B82808E00961920 /* SearchRepositoryView.swift */,
				2C961D8E2B8280AF00961920 /* SearchRepositoryViewModel.swift */,
			);
			path = SearchRepository;
			sourceTree = "<group>";
		};
		2C961D952B828CDC00961920 /* RepositoryDetail */ = {
			isa = PBXGroup;
			children = (
				2C961D962B828D0800961920 /* RepositoryDetailView.swift */,
				2C961D982B828D1C00961920 /* RepotisoryDetailViewModel.swift */,
			);
			path = RepositoryDetail;
			sourceTree = "<group>";
		};
		2C9822262B825FAC00AA2A14 = {
			isa = PBXGroup;
			children = (
				2C9822312B825FAC00AA2A14 /* overdare */,
				2C9822422B825FAD00AA2A14 /* overdareTests */,
				2C9822302B825FAC00AA2A14 /* Products */,
				2CAE5A692B83785B00866E25 /* Frameworks */,
			);
			sourceTree = "<group>";
		};
		2C9822302B825FAC00AA2A14 /* Products */ = {
			isa = PBXGroup;
			children = (
				2C98222F2B825FAC00AA2A14 /* overdare.app */,
				2C98223F2B825FAD00AA2A14 /* overdareTests.xctest */,
			);
			name = Products;
			sourceTree = "<group>";
		};
		2C9822312B825FAC00AA2A14 /* overdare */ = {
			isa = PBXGroup;
			children = (
				2C237F102B83578A002F7417 /* FetchDataManager */,
				2C961D872B82804C00961920 /* Scene */,
				2C9822322B825FAC00AA2A14 /* overdareApp.swift */,
				2C9822362B825FAD00AA2A14 /* Assets.xcassets */,
				2C9822382B825FAD00AA2A14 /* Preview Content */,
			);
			path = overdare;
			sourceTree = "<group>";
		};
		2C9822382B825FAD00AA2A14 /* Preview Content */ = {
			isa = PBXGroup;
			children = (
				2C9822392B825FAD00AA2A14 /* Preview Assets.xcassets */,
			);
			path = "Preview Content";
			sourceTree = "<group>";
		};
		2C9822422B825FAD00AA2A14 /* overdareTests */ = {
			isa = PBXGroup;
			children = (
				2C9822432B825FAD00AA2A14 /* overdareTests.swift */,
			);
			path = overdareTests;
			sourceTree = "<group>";
		};
		2CAE5A692B83785B00866E25 /* Frameworks */ = {
			isa = PBXGroup;
			children = (
				2CAE5AB12B837EA500866E25 /* UIComponent.framework */,
				2CAE5A752B837AE300866E25 /* CacheManager.framework */,
				2CAE5A712B837ADF00866E25 /* APIManager.framework */,
				2CAE5A6E2B83785F00866E25 /* CacheManager.framework */,
				2CAE5A6A2B83785B00866E25 /* APIManager.framework */,
			);
			name = Frameworks;
			sourceTree = "<group>";
		};
/* End PBXGroup section */

/* Begin PBXNativeTarget section */
		2C98222E2B825FAC00AA2A14 /* overdare */ = {
			isa = PBXNativeTarget;
			buildConfigurationList = 2C9822532B825FAD00AA2A14 /* Build configuration list for PBXNativeTarget "overdare" */;
			buildPhases = (
				2C98222B2B825FAC00AA2A14 /* Sources */,
				2C98222C2B825FAC00AA2A14 /* Frameworks */,
				2C98222D2B825FAC00AA2A14 /* Resources */,
				2CAE5A742B837ADF00866E25 /* Embed Frameworks */,
			);
			buildRules = (
			);
			dependencies = (
			);
			name = overdare;
			productName = overdare;
			productReference = 2C98222F2B825FAC00AA2A14 /* overdare.app */;
			productType = "com.apple.product-type.application";
		};
		2C98223E2B825FAD00AA2A14 /* overdareTests */ = {
			isa = PBXNativeTarget;
			buildConfigurationList = 2C9822562B825FAD00AA2A14 /* Build configuration list for PBXNativeTarget "overdareTests" */;
			buildPhases = (
				2C98223B2B825FAD00AA2A14 /* Sources */,
				2C98223C2B825FAD00AA2A14 /* Frameworks */,
				2C98223D2B825FAD00AA2A14 /* Resources */,
			);
			buildRules = (
			);
			dependencies = (
				2C9822412B825FAD00AA2A14 /* PBXTargetDependency */,
			);
			name = overdareTests;
			productName = overdareTests;
			productReference = 2C98223F2B825FAD00AA2A14 /* overdareTests.xctest */;
			productType = "com.apple.product-type.bundle.unit-test";
		};
/* End PBXNativeTarget section */

/* Begin PBXProject section */
		2C9822272B825FAC00AA2A14 /* Project object */ = {
			isa = PBXProject;
			attributes = {
				BuildIndependentTargetsInParallel = 1;
				LastSwiftUpdateCheck = 1510;
				LastUpgradeCheck = 1510;
				TargetAttributes = {
					2C98222E2B825FAC00AA2A14 = {
						CreatedOnToolsVersion = 15.1;
					};
					2C98223E2B825FAD00AA2A14 = {
						CreatedOnToolsVersion = 15.1;
						TestTargetID = 2C98222E2B825FAC00AA2A14;
					};
				};
			};
			buildConfigurationList = 2C98222A2B825FAC00AA2A14 /* Build configuration list for PBXProject "overdare" */;
			compatibilityVersion = "Xcode 14.0";
			developmentRegion = en;
			hasScannedForEncodings = 0;
			knownRegions = (
				en,
				Base,
			);
			mainGroup = 2C9822262B825FAC00AA2A14;
			productRefGroup = 2C9822302B825FAC00AA2A14 /* Products */;
			projectDirPath = "";
			projectRoot = "";
			targets = (
				2C98222E2B825FAC00AA2A14 /* overdare */,
				2C98223E2B825FAD00AA2A14 /* overdareTests */,
			);
		};
/* End PBXProject section */

/* Begin PBXResourcesBuildPhase section */
		2C98222D2B825FAC00AA2A14 /* Resources */ = {
			isa = PBXResourcesBuildPhase;
			buildActionMask = 2147483647;
			files = (
				2C98223A2B825FAD00AA2A14 /* Preview Assets.xcassets in Resources */,
				2C9822372B825FAD00AA2A14 /* Assets.xcassets in Resources */,
			);
			runOnlyForDeploymentPostprocessing = 0;
		};
		2C98223D2B825FAD00AA2A14 /* Resources */ = {
			isa = PBXResourcesBuildPhase;
			buildActionMask = 2147483647;
			files = (
			);
			runOnlyForDeploymentPostprocessing = 0;
		};
/* End PBXResourcesBuildPhase section */

/* Begin PBXSourcesBuildPhase section */
		2C98222B2B825FAC00AA2A14 /* Sources */ = {
			isa = PBXSourcesBuildPhase;
			buildActionMask = 2147483647;
			files = (
				2C961D8F2B8280AF00961920 /* SearchRepositoryViewModel.swift in Sources */,
				2C9822332B825FAC00AA2A14 /* overdareApp.swift in Sources */,
				2C237F122B8357AE002F7417 /* FetchDataManager.swift in Sources */,
				2C961D8C2B82808E00961920 /* SearchRepositoryView.swift in Sources */,
				2C961D992B828D1C00961920 /* RepotisoryDetailViewModel.swift in Sources */,
				2C961D972B828D0800961920 /* RepositoryDetailView.swift in Sources */,
			);
			runOnlyForDeploymentPostprocessing = 0;
		};
		2C98223B2B825FAD00AA2A14 /* Sources */ = {
			isa = PBXSourcesBuildPhase;
			buildActionMask = 2147483647;
			files = (
				2C9822442B825FAD00AA2A14 /* overdareTests.swift in Sources */,
			);
			runOnlyForDeploymentPostprocessing = 0;
		};
/* End PBXSourcesBuildPhase section */

/* Begin PBXTargetDependency section */
		2C9822412B825FAD00AA2A14 /* PBXTargetDependency */ = {
			isa = PBXTargetDependency;
			target = 2C98222E2B825FAC00AA2A14 /* overdare */;
			targetProxy = 2C9822402B825FAD00AA2A14 /* PBXContainerItemProxy */;
		};
/* End PBXTargetDependency section */

/* Begin XCBuildConfiguration section */
		2C9822512B825FAD00AA2A14 /* Debug */ = {
			isa = XCBuildConfiguration;
			buildSettings = {
				ALWAYS_SEARCH_USER_PATHS = NO;
				ASSETCATALOG_COMPILER_GENERATE_SWIFT_ASSET_SYMBOL_EXTENSIONS = YES;
				CLANG_ANALYZER_NONNULL = YES;
				CLANG_ANALYZER_NUMBER_OBJECT_CONVERSION = YES_AGGRESSIVE;
				CLANG_CXX_LANGUAGE_STANDARD = "gnu++20";
				CLANG_ENABLE_MODULES = YES;
				CLANG_ENABLE_OBJC_ARC = YES;
				CLANG_ENABLE_OBJC_WEAK = YES;
				CLANG_WARN_BLOCK_CAPTURE_AUTORELEASING = YES;
				CLANG_WARN_BOOL_CONVERSION = YES;
				CLANG_WARN_COMMA = YES;
				CLANG_WARN_CONSTANT_CONVERSION = YES;
				CLANG_WARN_DEPRECATED_OBJC_IMPLEMENTATIONS = YES;
				CLANG_WARN_DIRECT_OBJC_ISA_USAGE = YES_ERROR;
				CLANG_WARN_DOCUMENTATION_COMMENTS = YES;
				CLANG_WARN_EMPTY_BODY = YES;
				CLANG_WARN_ENUM_CONVERSION = YES;
				CLANG_WARN_INFINITE_RECURSION = YES;
				CLANG_WARN_INT_CONVERSION = YES;
				CLANG_WARN_NON_LITERAL_NULL_CONVERSION = YES;
				CLANG_WARN_OBJC_IMPLICIT_RETAIN_SELF = YES;
				CLANG_WARN_OBJC_LITERAL_CONVERSION = YES;
				CLANG_WARN_OBJC_ROOT_CLASS = YES_ERROR;
				CLANG_WARN_QUOTED_INCLUDE_IN_FRAMEWORK_HEADER = YES;
				CLANG_WARN_RANGE_LOOP_ANALYSIS = YES;
				CLANG_WARN_STRICT_PROTOTYPES = YES;
				CLANG_WARN_SUSPICIOUS_MOVE = YES;
				CLANG_WARN_UNGUARDED_AVAILABILITY = YES_AGGRESSIVE;
				CLANG_WARN_UNREACHABLE_CODE = YES;
				CLANG_WARN__DUPLICATE_METHOD_MATCH = YES;
				COPY_PHASE_STRIP = NO;
				DEBUG_INFORMATION_FORMAT = dwarf;
				ENABLE_STRICT_OBJC_MSGSEND = YES;
				ENABLE_TESTABILITY = YES;
				ENABLE_USER_SCRIPT_SANDBOXING = YES;
				GCC_C_LANGUAGE_STANDARD = gnu17;
				GCC_DYNAMIC_NO_PIC = NO;
				GCC_NO_COMMON_BLOCKS = YES;
				GCC_OPTIMIZATION_LEVEL = 0;
				GCC_PREPROCESSOR_DEFINITIONS = (
					"DEBUG=1",
					"$(inherited)",
				);
				GCC_WARN_64_TO_32_BIT_CONVERSION = YES;
				GCC_WARN_ABOUT_RETURN_TYPE = YES_ERROR;
				GCC_WARN_UNDECLARED_SELECTOR = YES;
				GCC_WARN_UNINITIALIZED_AUTOS = YES_AGGRESSIVE;
				GCC_WARN_UNUSED_FUNCTION = YES;
				GCC_WARN_UNUSED_VARIABLE = YES;
				IPHONEOS_DEPLOYMENT_TARGET = 16.4;
				LOCALIZATION_PREFERS_STRING_CATALOGS = YES;
				MTL_ENABLE_DEBUG_INFO = INCLUDE_SOURCE;
				MTL_FAST_MATH = YES;
				ONLY_ACTIVE_ARCH = YES;
				SDKROOT = iphoneos;
				SWIFT_ACTIVE_COMPILATION_CONDITIONS = "DEBUG $(inherited)";
				SWIFT_OPTIMIZATION_LEVEL = "-Onone";
			};
			name = Debug;
		};
		2C9822522B825FAD00AA2A14 /* Release */ = {
			isa = XCBuildConfiguration;
			buildSettings = {
				ALWAYS_SEARCH_USER_PATHS = NO;
				ASSETCATALOG_COMPILER_GENERATE_SWIFT_ASSET_SYMBOL_EXTENSIONS = YES;
				CLANG_ANALYZER_NONNULL = YES;
				CLANG_ANALYZER_NUMBER_OBJECT_CONVERSION = YES_AGGRESSIVE;
				CLANG_CXX_LANGUAGE_STANDARD = "gnu++20";
				CLANG_ENABLE_MODULES = YES;
				CLANG_ENABLE_OBJC_ARC = YES;
				CLANG_ENABLE_OBJC_WEAK = YES;
				CLANG_WARN_BLOCK_CAPTURE_AUTORELEASING = YES;
				CLANG_WARN_BOOL_CONVERSION = YES;
				CLANG_WARN_COMMA = YES;
				CLANG_WARN_CONSTANT_CONVERSION = YES;
				CLANG_WARN_DEPRECATED_OBJC_IMPLEMENTATIONS = YES;
				CLANG_WARN_DIRECT_OBJC_ISA_USAGE = YES_ERROR;
				CLANG_WARN_DOCUMENTATION_COMMENTS = YES;
				CLANG_WARN_EMPTY_BODY = YES;
				CLANG_WARN_ENUM_CONVERSION = YES;
				CLANG_WARN_INFINITE_RECURSION = YES;
				CLANG_WARN_INT_CONVERSION = YES;
				CLANG_WARN_NON_LITERAL_NULL_CONVERSION = YES;
				CLANG_WARN_OBJC_IMPLICIT_RETAIN_SELF = YES;
				CLANG_WARN_OBJC_LITERAL_CONVERSION = YES;
				CLANG_WARN_OBJC_ROOT_CLASS = YES_ERROR;
				CLANG_WARN_QUOTED_INCLUDE_IN_FRAMEWORK_HEADER = YES;
				CLANG_WARN_RANGE_LOOP_ANALYSIS = YES;
				CLANG_WARN_STRICT_PROTOTYPES = YES;
				CLANG_WARN_SUSPICIOUS_MOVE = YES;
				CLANG_WARN_UNGUARDED_AVAILABILITY = YES_AGGRESSIVE;
				CLANG_WARN_UNREACHABLE_CODE = YES;
				CLANG_WARN__DUPLICATE_METHOD_MATCH = YES;
				COPY_PHASE_STRIP = NO;
				DEBUG_INFORMATION_FORMAT = "dwarf-with-dsym";
				ENABLE_NS_ASSERTIONS = NO;
				ENABLE_STRICT_OBJC_MSGSEND = YES;
				ENABLE_USER_SCRIPT_SANDBOXING = YES;
				GCC_C_LANGUAGE_STANDARD = gnu17;
				GCC_NO_COMMON_BLOCKS = YES;
				GCC_WARN_64_TO_32_BIT_CONVERSION = YES;
				GCC_WARN_ABOUT_RETURN_TYPE = YES_ERROR;
				GCC_WARN_UNDECLARED_SELECTOR = YES;
				GCC_WARN_UNINITIALIZED_AUTOS = YES_AGGRESSIVE;
				GCC_WARN_UNUSED_FUNCTION = YES;
				GCC_WARN_UNUSED_VARIABLE = YES;
				IPHONEOS_DEPLOYMENT_TARGET = 16.4;
				LOCALIZATION_PREFERS_STRING_CATALOGS = YES;
				MTL_ENABLE_DEBUG_INFO = NO;
				MTL_FAST_MATH = YES;
				SDKROOT = iphoneos;
				SWIFT_COMPILATION_MODE = wholemodule;
				VALIDATE_PRODUCT = YES;
			};
			name = Release;
		};
		2C9822542B825FAD00AA2A14 /* Debug */ = {
			isa = XCBuildConfiguration;
			buildSettings = {
				ASSETCATALOG_COMPILER_APPICON_NAME = AppIcon;
				ASSETCATALOG_COMPILER_GLOBAL_ACCENT_COLOR_NAME = AccentColor;
				CODE_SIGN_STYLE = Automatic;
				CURRENT_PROJECT_VERSION = 1;
				DEVELOPMENT_ASSET_PATHS = "\"overdare/Preview Content\"";
				ENABLE_PREVIEWS = YES;
				GENERATE_INFOPLIST_FILE = YES;
				INFOPLIST_KEY_UIApplicationSceneManifest_Generation = YES;
				INFOPLIST_KEY_UIApplicationSupportsIndirectInputEvents = YES;
				INFOPLIST_KEY_UILaunchScreen_Generation = YES;
				INFOPLIST_KEY_UISupportedInterfaceOrientations_iPad = "UIInterfaceOrientationPortrait UIInterfaceOrientationPortraitUpsideDown UIInterfaceOrientationLandscapeLeft UIInterfaceOrientationLandscapeRight";
				INFOPLIST_KEY_UISupportedInterfaceOrientations_iPhone = "UIInterfaceOrientationPortrait UIInterfaceOrientationLandscapeLeft UIInterfaceOrientationLandscapeRight";
				LD_RUNPATH_SEARCH_PATHS = (
					"$(inherited)",
					"@executable_path/Frameworks",
				);
				MARKETING_VERSION = 1.0;
				PRODUCT_BUNDLE_IDENTIFIER = com.krindale.overdare.overdare;
				PRODUCT_NAME = "$(TARGET_NAME)";
				SWIFT_EMIT_LOC_STRINGS = YES;
				SWIFT_VERSION = 5.0;
				TARGETED_DEVICE_FAMILY = "1,2";
			};
			name = Debug;
		};
		2C9822552B825FAD00AA2A14 /* Release */ = {
			isa = XCBuildConfiguration;
			buildSettings = {
				ASSETCATALOG_COMPILER_APPICON_NAME = AppIcon;
				ASSETCATALOG_COMPILER_GLOBAL_ACCENT_COLOR_NAME = AccentColor;
				CODE_SIGN_STYLE = Automatic;
				CURRENT_PROJECT_VERSION = 1;
				DEVELOPMENT_ASSET_PATHS = "\"overdare/Preview Content\"";
				ENABLE_PREVIEWS = YES;
				GENERATE_INFOPLIST_FILE = YES;
				INFOPLIST_KEY_UIApplicationSceneManifest_Generation = YES;
				INFOPLIST_KEY_UIApplicationSupportsIndirectInputEvents = YES;
				INFOPLIST_KEY_UILaunchScreen_Generation = YES;
				INFOPLIST_KEY_UISupportedInterfaceOrientations_iPad = "UIInterfaceOrientationPortrait UIInterfaceOrientationPortraitUpsideDown UIInterfaceOrientationLandscapeLeft UIInterfaceOrientationLandscapeRight";
				INFOPLIST_KEY_UISupportedInterfaceOrientations_iPhone = "UIInterfaceOrientationPortrait UIInterfaceOrientationLandscapeLeft UIInterfaceOrientationLandscapeRight";
				LD_RUNPATH_SEARCH_PATHS = (
					"$(inherited)",
					"@executable_path/Frameworks",
				);
				MARKETING_VERSION = 1.0;
				PRODUCT_BUNDLE_IDENTIFIER = com.krindale.overdare.overdare;
				PRODUCT_NAME = "$(TARGET_NAME)";
				SWIFT_EMIT_LOC_STRINGS = YES;
				SWIFT_VERSION = 5.0;
				TARGETED_DEVICE_FAMILY = "1,2";
			};
			name = Release;
		};
		2C9822572B825FAD00AA2A14 /* Debug */ = {
			isa = XCBuildConfiguration;
			buildSettings = {
				ALWAYS_EMBED_SWIFT_STANDARD_LIBRARIES = YES;
				BUNDLE_LOADER = "$(TEST_HOST)";
				CODE_SIGN_STYLE = Automatic;
				CURRENT_PROJECT_VERSION = 1;
				GENERATE_INFOPLIST_FILE = YES;
				IPHONEOS_DEPLOYMENT_TARGET = 16.4;
				MARKETING_VERSION = 1.0;
				PRODUCT_BUNDLE_IDENTIFIER = com.krindale.overdare.overdareTests;
				PRODUCT_NAME = "$(TARGET_NAME)";
				SWIFT_EMIT_LOC_STRINGS = NO;
				SWIFT_VERSION = 5.0;
				TARGETED_DEVICE_FAMILY = "1,2";
				TEST_HOST = "$(BUILT_PRODUCTS_DIR)/overdare.app/$(BUNDLE_EXECUTABLE_FOLDER_PATH)/overdare";
			};
			name = Debug;
		};
		2C9822582B825FAD00AA2A14 /* Release */ = {
			isa = XCBuildConfiguration;
			buildSettings = {
				ALWAYS_EMBED_SWIFT_STANDARD_LIBRARIES = YES;
				BUNDLE_LOADER = "$(TEST_HOST)";
				CODE_SIGN_STYLE = Automatic;
				CURRENT_PROJECT_VERSION = 1;
				GENERATE_INFOPLIST_FILE = YES;
				IPHONEOS_DEPLOYMENT_TARGET = 16.4;
				MARKETING_VERSION = 1.0;
				PRODUCT_BUNDLE_IDENTIFIER = com.krindale.overdare.overdareTests;
				PRODUCT_NAME = "$(TARGET_NAME)";
				SWIFT_EMIT_LOC_STRINGS = NO;
				SWIFT_VERSION = 5.0;
				TARGETED_DEVICE_FAMILY = "1,2";
				TEST_HOST = "$(BUILT_PRODUCTS_DIR)/overdare.app/$(BUNDLE_EXECUTABLE_FOLDER_PATH)/overdare";
			};
			name = Release;
		};
/* End XCBuildConfiguration section */

/* Begin XCConfigurationList section */
		2C98222A2B825FAC00AA2A14 /* Build configuration list for PBXProject "overdare" */ = {
			isa = XCConfigurationList;
			buildConfigurations = (
				2C9822512B825FAD00AA2A14 /* Debug */,
				2C9822522B825FAD00AA2A14 /* Release */,
			);
			defaultConfigurationIsVisible = 0;
			defaultConfigurationName = Release;
		};
		2C9822532B825FAD00AA2A14 /* Build configuration list for PBXNativeTarget "overdare" */ = {
			isa = XCConfigurationList;
			buildConfigurations = (
				2C9822542B825FAD00AA2A14 /* Debug */,
				2C9822552B825FAD00AA2A14 /* Release */,
			);
			defaultConfigurationIsVisible = 0;
			defaultConfigurationName = Release;
		};
		2C9822562B825FAD00AA2A14 /* Build configuration list for PBXNativeTarget "overdareTests" */ = {
			isa = XCConfigurationList;
			buildConfigurations = (
				2C9822572B825FAD00AA2A14 /* Debug */,
				2C9822582B825FAD00AA2A14 /* Release */,
			);
			defaultConfigurationIsVisible = 0;
			defaultConfigurationName = Release;
		};
/* End XCConfigurationList section */
	};
	rootObject = 2C9822272B825FAC00AA2A14 /* Project object */;
}
